
Microsoft Visual Studio Solution File, Format Version 12.00
# Visual Studio Version 17
VisualStudioVersion = 17.6.33723.286
MinimumVisualStudioVersion = 10.0.40219.1
Project("{FAE04EC0-301F-11D3-BF4B-00C04F79EFBC}") = "SDD-assg2", "SDD-assg2\SDD-assg2.csproj", "{717C9091-2455-4147-A21E-E65EE5EAA5A8}"
EndProject
Global
	GlobalSection(SolutionConfigurationPlatforms) = preSolution
		Debug|Any CPU = Debug|Any CPU
		Release|Any CPU = Release|Any CPU
	EndGlobalSection
	GlobalSection(ProjectConfigurationPlatforms) = postSolution
		{717C9091-2455-4147-A21E-E65EE5EAA5A8}.Debug|Any CPU.ActiveCfg = Debug|Any CPU
		{717C9091-2455-4147-A21E-E65EE5EAA5A8}.Debug|Any CPU.Build.0 = Debug|Any CPU
		{717C9091-2455-4147-A21E-E65EE5EAA5A8}.Release|Any CPU.ActiveCfg = Release|Any CPU
		{717C9091-2455-4147-A21E-E65EE5EAA5A8}.Release|Any CPU.Build.0 = Release|Any CPU
	EndGlobalSection
	GlobalSection(SolutionProperties) = preSolution
		HideSolutionNode = FALSE
	EndGlobalSection
	GlobalSection(ExtensibilityGlobals) = postSolution
		SolutionGuid = {3BC8BD66-84AA-4FDE-80D5-3118ED7D5CBC}
	EndGlobalSection
EndGlobal
